// !$*UTF8*$!
{
	archiveVersion = 1;
	classes = {
	};
	objectVersion = 56;
	objects = {

/* Begin PBXBuildFile section */
		5F0608472BDBAAD1009D2613 /* PostTableViewCell.xib in Resources */ = {isa = PBXBuildFile; fileRef = 5F0608462BDBAAD1009D2613 /* PostTableViewCell.xib */; };
		5F0608482BDBAAD1009D2613 /* PostTableViewCell.swift in Sources */ = {isa = PBXBuildFile; fileRef = 5F0608452BDBAAD1009D2613 /* PostTableViewCell.swift */; };
		5F06084A2BDBFEA2009D2613 /* DetailViewController.swift in Sources */ = {isa = PBXBuildFile; fileRef = 5F0608492BDBFEA2009D2613 /* DetailViewController.swift */; };
		5F0608502BDBFEDA009D2613 /* DetailViewModel.swift in Sources */ = {isa = PBXBuildFile; fileRef = 5F06084F2BDBFEDA009D2613 /* DetailViewModel.swift */; };
		5F4BC4042BCCF47700FE7932 /* AppDelegate.swift in Sources */ = {isa = PBXBuildFile; fileRef = 5F4BC4032BCCF47700FE7932 /* AppDelegate.swift */; };
		5F4BC4062BCCF47700FE7932 /* SceneDelegate.swift in Sources */ = {isa = PBXBuildFile; fileRef = 5F4BC4052BCCF47700FE7932 /* SceneDelegate.swift */; };
		5F4BC4082BCCF47700FE7932 /* PostsViewController.swift in Sources */ = {isa = PBXBuildFile; fileRef = 5F4BC4072BCCF47700FE7932 /* PostsViewController.swift */; };
		5F4BC40B2BCCF47700FE7932 /* Base in Resources */ = {isa = PBXBuildFile; fileRef = 5F4BC40A2BCCF47700FE7932 /* Base */; };
		5F4BC40D2BCCF47900FE7932 /* Assets.xcassets in Resources */ = {isa = PBXBuildFile; fileRef = 5F4BC40C2BCCF47900FE7932 /* Assets.xcassets */; };
		5F4BC4102BCCF47900FE7932 /* Base in Resources */ = {isa = PBXBuildFile; fileRef = 5F4BC40F2BCCF47900FE7932 /* Base */; };
		5F4BC4222BCCF5EA00FE7932 /* PostsService.swift in Sources */ = {isa = PBXBuildFile; fileRef = 5F4BC4212BCCF5EA00FE7932 /* PostsService.swift */; };
		5F4BC4242BCCF84600FE7932 /* PostsModel.swift in Sources */ = {isa = PBXBuildFile; fileRef = 5F4BC4232BCCF84600FE7932 /* PostsModel.swift */; };
		5F4BC42A2BCCFC7B00FE7932 /* Router.swift in Sources */ = {isa = PBXBuildFile; fileRef = 5F4BC4292BCCFC7B00FE7932 /* Router.swift */; };
		5F4BC42D2BCD02CC00FE7932 /* PostsViewModel.swift in Sources */ = {isa = PBXBuildFile; fileRef = 5F4BC42C2BCD02CC00FE7932 /* PostsViewModel.swift */; };
		5F4BC4312BCD049300FE7932 /* PostCellViewModel.swift in Sources */ = {isa = PBXBuildFile; fileRef = 5F4BC4302BCD049300FE7932 /* PostCellViewModel.swift */; };
		5F4BC4392BCD06D000FE7932 /* UITableView+Extension.swift in Sources */ = {isa = PBXBuildFile; fileRef = 5F4BC4382BCD06D000FE7932 /* UITableView+Extension.swift */; };
		5F4BC43B2BCD087400FE7932 /* BaseViewController.swift in Sources */ = {isa = PBXBuildFile; fileRef = 5F4BC43A2BCD087400FE7932 /* BaseViewController.swift */; };
		5F4BC43D2BCD08C300FE7932 /* Constants.swift in Sources */ = {isa = PBXBuildFile; fileRef = 5F4BC43C2BCD08C300FE7932 /* Constants.swift */; };
		5F5BED092BCE58410049C755 /* UIViewController+Extension.swift in Sources */ = {isa = PBXBuildFile; fileRef = 5F5BED082BCE58410049C755 /* UIViewController+Extension.swift */; };
/* End PBXBuildFile section */

/* Begin PBXFileReference section */
		5F0608452BDBAAD1009D2613 /* PostTableViewCell.swift */ = {isa = PBXFileReference; lastKnownFileType = sourcecode.swift; path = PostTableViewCell.swift; sourceTree = "<group>"; };
		5F0608462BDBAAD1009D2613 /* PostTableViewCell.xib */ = {isa = PBXFileReference; lastKnownFileType = file.xib; path = PostTableViewCell.xib; sourceTree = "<group>"; };
		5F0608492BDBFEA2009D2613 /* DetailViewController.swift */ = {isa = PBXFileReference; lastKnownFileType = sourcecode.swift; path = DetailViewController.swift; sourceTree = "<group>"; };
		5F06084F2BDBFEDA009D2613 /* DetailViewModel.swift */ = {isa = PBXFileReference; lastKnownFileType = sourcecode.swift; path = DetailViewModel.swift; sourceTree = "<group>"; };
		5F4BC4002BCCF47700FE7932 /* Posts Assignment.app */ = {isa = PBXFileReference; explicitFileType = wrapper.application; includeInIndex = 0; path = "Posts Assignment.app"; sourceTree = BUILT_PRODUCTS_DIR; };
		5F4BC4032BCCF47700FE7932 /* AppDelegate.swift */ = {isa = PBXFileReference; lastKnownFileType = sourcecode.swift; path = AppDelegate.swift; sourceTree = "<group>"; };
		5F4BC4052BCCF47700FE7932 /* SceneDelegate.swift */ = {isa = PBXFileReference; lastKnownFileType = sourcecode.swift; path = SceneDelegate.swift; sourceTree = "<group>"; };
		5F4BC4072BCCF47700FE7932 /* PostsViewController.swift */ = {isa = PBXFileReference; lastKnownFileType = sourcecode.swift; path = PostsViewController.swift; sourceTree = "<group>"; };
		5F4BC40A2BCCF47700FE7932 /* Base */ = {isa = PBXFileReference; lastKnownFileType = file.storyboard; name = Base; path = Base.lproj/Main.storyboard; sourceTree = "<group>"; };
		5F4BC40C2BCCF47900FE7932 /* Assets.xcassets */ = {isa = PBXFileReference; lastKnownFileType = folder.assetcatalog; path = Assets.xcassets; sourceTree = "<group>"; };
		5F4BC40F2BCCF47900FE7932 /* Base */ = {isa = PBXFileReference; lastKnownFileType = file.storyboard; name = Base; path = Base.lproj/LaunchScreen.storyboard; sourceTree = "<group>"; };
		5F4BC4112BCCF47900FE7932 /* Info.plist */ = {isa = PBXFileReference; lastKnownFileType = text.plist.xml; path = Info.plist; sourceTree = "<group>"; };
		5F4BC4212BCCF5EA00FE7932 /* PostsService.swift */ = {isa = PBXFileReference; lastKnownFileType = sourcecode.swift; path = PostsService.swift; sourceTree = "<group>"; };
		5F4BC4232BCCF84600FE7932 /* PostsModel.swift */ = {isa = PBXFileReference; lastKnownFileType = sourcecode.swift; path = PostsModel.swift; sourceTree = "<group>"; };
		5F4BC4292BCCFC7B00FE7932 /* Router.swift */ = {isa = PBXFileReference; lastKnownFileType = sourcecode.swift; path = Router.swift; sourceTree = "<group>"; };
		5F4BC42C2BCD02CC00FE7932 /* PostsViewModel.swift */ = {isa = PBXFileReference; lastKnownFileType = sourcecode.swift; path = PostsViewModel.swift; sourceTree = "<group>"; };
		5F4BC4302BCD049300FE7932 /* PostCellViewModel.swift */ = {isa = PBXFileReference; lastKnownFileType = sourcecode.swift; path = PostCellViewModel.swift; sourceTree = "<group>"; };
		5F4BC4382BCD06D000FE7932 /* UITableView+Extension.swift */ = {isa = PBXFileReference; fileEncoding = 4; lastKnownFileType = sourcecode.swift; path = "UITableView+Extension.swift"; sourceTree = "<group>"; };
		5F4BC43A2BCD087400FE7932 /* BaseViewController.swift */ = {isa = PBXFileReference; fileEncoding = 4; lastKnownFileType = sourcecode.swift; path = BaseViewController.swift; sourceTree = "<group>"; };
		5F4BC43C2BCD08C300FE7932 /* Constants.swift */ = {isa = PBXFileReference; lastKnownFileType = sourcecode.swift; path = Constants.swift; sourceTree = "<group>"; };
		5F5BED082BCE58410049C755 /* UIViewController+Extension.swift */ = {isa = PBXFileReference; lastKnownFileType = sourcecode.swift; path = "UIViewController+Extension.swift"; sourceTree = "<group>"; };
/* End PBXFileReference section */

/* Begin PBXFrameworksBuildPhase section */
		5F4BC3FD2BCCF47700FE7932 /* Frameworks */ = {
			isa = PBXFrameworksBuildPhase;
			buildActionMask = 2147483647;
			files = (
			);
			runOnlyForDeploymentPostprocessing = 0;
		};
/* End PBXFrameworksBuildPhase section */

/* Begin PBXGroup section */
		5F06084B2BDBFEA7009D2613 /* DetailViewController */ = {
			isa = PBXGroup;
			children = (
				5F06084E2BDBFEC3009D2613 /* ViewModel */,
				5F06084D2BDBFEB5009D2613 /* Scene */,
			);
			path = DetailViewController;
			sourceTree = "<group>";
		};
		5F06084D2BDBFEB5009D2613 /* Scene */ = {
			isa = PBXGroup;
			children = (
				5F0608492BDBFEA2009D2613 /* DetailViewController.swift */,
			);
			path = Scene;
			sourceTree = "<group>";
		};
		5F06084E2BDBFEC3009D2613 /* ViewModel */ = {
			isa = PBXGroup;
			children = (
				5F06084F2BDBFEDA009D2613 /* DetailViewModel.swift */,
			);
			path = ViewModel;
			sourceTree = "<group>";
		};
		5F4BC3F72BCCF47700FE7932 = {
			isa = PBXGroup;
			children = (
				5F4BC4022BCCF47700FE7932 /* Posts Assignment */,
				5F4BC4012BCCF47700FE7932 /* Products */,
			);
			sourceTree = "<group>";
		};
		5F4BC4012BCCF47700FE7932 /* Products */ = {
			isa = PBXGroup;
			children = (
				5F4BC4002BCCF47700FE7932 /* Posts Assignment.app */,
			);
			name = Products;
			sourceTree = "<group>";
		};
		5F4BC4022BCCF47700FE7932 /* Posts Assignment */ = {
			isa = PBXGroup;
			children = (
				5F4BC4182BCCF51B00FE7932 /* Application */,
				5F4BC41A2BCCF53600FE7932 /* Views */,
				5F4BC4192BCCF52900FE7932 /* Controllers */,
				5F4BC4172BCCF51300FE7932 /* Model */,
				5F4BC4252BCCFA8000FE7932 /* Utils */,
				5F4BC41C2BCCF55500FE7932 /* Resources */,
				5F4BC4112BCCF47900FE7932 /* Info.plist */,
			);
			path = "Posts Assignment";
			sourceTree = "<group>";
		};
		5F4BC4172BCCF51300FE7932 /* Model */ = {
			isa = PBXGroup;
			children = (
				5F4BC4232BCCF84600FE7932 /* PostsModel.swift */,
			);
			path = Model;
			sourceTree = "<group>";
		};
		5F4BC4182BCCF51B00FE7932 /* Application */ = {
			isa = PBXGroup;
			children = (
				5F4BC4032BCCF47700FE7932 /* AppDelegate.swift */,
				5F4BC4052BCCF47700FE7932 /* SceneDelegate.swift */,
			);
			path = Application;
			sourceTree = "<group>";
		};
		5F4BC4192BCCF52900FE7932 /* Controllers */ = {
			isa = PBXGroup;
			children = (
				5F4BC43A2BCD087400FE7932 /* BaseViewController.swift */,
				5F4BC41E2BCCF59400FE7932 /* PostsViewController */,
				5F06084B2BDBFEA7009D2613 /* DetailViewController */,
			);
			path = Controllers;
			sourceTree = "<group>";
		};
		5F4BC41A2BCCF53600FE7932 /* Views */ = {
			isa = PBXGroup;
			children = (
				5F4BC41B2BCCF53C00FE7932 /* Storyboard */,
			);
			path = Views;
			sourceTree = "<group>";
		};
		5F4BC41B2BCCF53C00FE7932 /* Storyboard */ = {
			isa = PBXGroup;
			children = (
				5F4BC4092BCCF47700FE7932 /* Main.storyboard */,
				5F4BC40E2BCCF47900FE7932 /* LaunchScreen.storyboard */,
			);
			path = Storyboard;
			sourceTree = "<group>";
		};
		5F4BC41C2BCCF55500FE7932 /* Resources */ = {
			isa = PBXGroup;
			children = (
				5F4BC41D2BCCF56500FE7932 /* Images */,
			);
			path = Resources;
			sourceTree = "<group>";
		};
		5F4BC41D2BCCF56500FE7932 /* Images */ = {
			isa = PBXGroup;
			children = (
				5F4BC40C2BCCF47900FE7932 /* Assets.xcassets */,
			);
			path = Images;
			sourceTree = "<group>";
		};
		5F4BC41E2BCCF59400FE7932 /* PostsViewController */ = {
			isa = PBXGroup;
			children = (
				5F4BC42E2BCD046400FE7932 /* Views */,
				5F4BC42B2BCD02BB00FE7932 /* ViewModel */,
				5F4BC4202BCCF5D700FE7932 /* PostsService */,
				5F4BC41F2BCCF5CF00FE7932 /* Scene */,
			);
			path = PostsViewController;
			sourceTree = "<group>";
		};
		5F4BC41F2BCCF5CF00FE7932 /* Scene */ = {
			isa = PBXGroup;
			children = (
				5F4BC4072BCCF47700FE7932 /* PostsViewController.swift */,
			);
			path = Scene;
			sourceTree = "<group>";
		};
		5F4BC4202BCCF5D700FE7932 /* PostsService */ = {
			isa = PBXGroup;
			children = (
				5F4BC4212BCCF5EA00FE7932 /* PostsService.swift */,
			);
			path = PostsService;
			sourceTree = "<group>";
		};
		5F4BC4252BCCFA8000FE7932 /* Utils */ = {
			isa = PBXGroup;
			children = (
				5F4BC4372BCD06BD00FE7932 /* Extensions */,
				5F4BC4292BCCFC7B00FE7932 /* Router.swift */,
				5F4BC43C2BCD08C300FE7932 /* Constants.swift */,
			);
			path = Utils;
			sourceTree = "<group>";
		};
		5F4BC42B2BCD02BB00FE7932 /* ViewModel */ = {
			isa = PBXGroup;
			children = (
				5F4BC42C2BCD02CC00FE7932 /* PostsViewModel.swift */,
			);
			path = ViewModel;
			sourceTree = "<group>";
		};
		5F4BC42E2BCD046400FE7932 /* Views */ = {
			isa = PBXGroup;
			children = (
				5F4BC4322BCD060700FE7932 /* Cells */,
				5F4BC42F2BCD047D00FE7932 /* ViewModel */,
			);
			path = Views;
			sourceTree = "<group>";
		};
		5F4BC42F2BCD047D00FE7932 /* ViewModel */ = {
			isa = PBXGroup;
			children = (
				5F4BC4302BCD049300FE7932 /* PostCellViewModel.swift */,
			);
			path = ViewModel;
			sourceTree = "<group>";
		};
		5F4BC4322BCD060700FE7932 /* Cells */ = {
			isa = PBXGroup;
			children = (
				5F0608452BDBAAD1009D2613 /* PostTableViewCell.swift */,
				5F0608462BDBAAD1009D2613 /* PostTableViewCell.xib */,
			);
			path = Cells;
			sourceTree = "<group>";
		};
		5F4BC4372BCD06BD00FE7932 /* Extensions */ = {
			isa = PBXGroup;
			children = (
				5F4BC4382BCD06D000FE7932 /* UITableView+Extension.swift */,
				5F5BED082BCE58410049C755 /* UIViewController+Extension.swift */,
			);
			path = Extensions;
			sourceTree = "<group>";
		};
/* End PBXGroup section */

/* Begin PBXNativeTarget section */
		5F4BC3FF2BCCF47700FE7932 /* Posts Assignment */ = {
			isa = PBXNativeTarget;
			buildConfigurationList = 5F4BC4142BCCF47900FE7932 /* Build configuration list for PBXNativeTarget "Posts Assignment" */;
			buildPhases = (
				5F4BC3FC2BCCF47700FE7932 /* Sources */,
				5F4BC3FD2BCCF47700FE7932 /* Frameworks */,
				5F4BC3FE2BCCF47700FE7932 /* Resources */,
			);
			buildRules = (
			);
			dependencies = (
			);
			name = "Posts Assignment";
			productName = "Image Loading Assignment";
			productReference = 5F4BC4002BCCF47700FE7932 /* Posts Assignment.app */;
			productType = "com.apple.product-type.application";
		};
/* End PBXNativeTarget section */

/* Begin PBXProject section */
		5F4BC3F82BCCF47700FE7932 /* Project object */ = {
			isa = PBXProject;
			attributes = {
				BuildIndependentTargetsInParallel = 1;
				LastSwiftUpdateCheck = 1530;
				LastUpgradeCheck = 1530;
				TargetAttributes = {
					5F4BC3FF2BCCF47700FE7932 = {
						CreatedOnToolsVersion = 15.3;
					};
				};
			};
			buildConfigurationList = 5F4BC3FB2BCCF47700FE7932 /* Build configuration list for PBXProject "Posts Assignment" */;
			compatibilityVersion = "Xcode 14.0";
			developmentRegion = en;
			hasScannedForEncodings = 0;
			knownRegions = (
				en,
				Base,
			);
			mainGroup = 5F4BC3F72BCCF47700FE7932;
			productRefGroup = 5F4BC4012BCCF47700FE7932 /* Products */;
			projectDirPath = "";
			projectRoot = "";
			targets = (
				5F4BC3FF2BCCF47700FE7932 /* Posts Assignment */,
			);
		};
/* End PBXProject section */

/* Begin PBXResourcesBuildPhase section */
		5F4BC3FE2BCCF47700FE7932 /* Resources */ = {
			isa = PBXResourcesBuildPhase;
			buildActionMask = 2147483647;
			files = (
				5F4BC40D2BCCF47900FE7932 /* Assets.xcassets in Resources */,
				5F4BC4102BCCF47900FE7932 /* Base in Resources */,
				5F4BC40B2BCCF47700FE7932 /* Base in Resources */,
				5F0608472BDBAAD1009D2613 /* PostTableViewCell.xib in Resources */,
			);
			runOnlyForDeploymentPostprocessing = 0;
		};
/* End PBXResourcesBuildPhase section */

/* Begin PBXSourcesBuildPhase section */
		5F4BC3FC2BCCF47700FE7932 /* Sources */ = {
			isa = PBXSourcesBuildPhase;
			buildActionMask = 2147483647;
			files = (
				5F4BC4082BCCF47700FE7932 /* PostsViewController.swift in Sources */,
				5F4BC4222BCCF5EA00FE7932 /* PostsService.swift in Sources */,
				5F4BC43B2BCD087400FE7932 /* BaseViewController.swift in Sources */,
				5F5BED092BCE58410049C755 /* UIViewController+Extension.swift in Sources */,
				5F4BC4312BCD049300FE7932 /* PostCellViewModel.swift in Sources */,
				5F4BC42A2BCCFC7B00FE7932 /* Router.swift in Sources */,
				5F4BC4042BCCF47700FE7932 /* AppDelegate.swift in Sources */,
				5F4BC4062BCCF47700FE7932 /* SceneDelegate.swift in Sources */,
				5F4BC4392BCD06D000FE7932 /* UITableView+Extension.swift in Sources */,
				5F4BC4242BCCF84600FE7932 /* PostsModel.swift in Sources */,
				5F4BC42D2BCD02CC00FE7932 /* PostsViewModel.swift in Sources */,
				5F4BC43D2BCD08C300FE7932 /* Constants.swift in Sources */,
				5F0608482BDBAAD1009D2613 /* PostTableViewCell.swift in Sources */,
				5F0608502BDBFEDA009D2613 /* DetailViewModel.swift in Sources */,
				5F06084A2BDBFEA2009D2613 /* DetailViewController.swift in Sources */,
			);
			runOnlyForDeploymentPostprocessing = 0;
		};
/* End PBXSourcesBuildPhase section */

/* Begin PBXVariantGroup section */
		5F4BC4092BCCF47700FE7932 /* Main.storyboard */ = {
			isa = PBXVariantGroup;
			children = (
				5F4BC40A2BCCF47700FE7932 /* Base */,
			);
			name = Main.storyboard;
			sourceTree = "<group>";
		};
		5F4BC40E2BCCF47900FE7932 /* LaunchScreen.storyboard */ = {
			isa = PBXVariantGroup;
			children = (
				5F4BC40F2BCCF47900FE7932 /* Base */,
			);
			name = LaunchScreen.storyboard;
			sourceTree = "<group>";
		};
/* End PBXVariantGroup section */

/* Begin XCBuildConfiguration section */
		5F4BC4122BCCF47900FE7932 /* Debug */ = {
			isa = XCBuildConfiguration;
			buildSettings = {
				ALWAYS_SEARCH_USER_PATHS = NO;
				ASSETCATALOG_COMPILER_GENERATE_SWIFT_ASSET_SYMBOL_EXTENSIONS = YES;
				CLANG_ANALYZER_NONNULL = YES;
				CLANG_ANALYZER_NUMBER_OBJECT_CONVERSION = YES_AGGRESSIVE;
				CLANG_CXX_LANGUAGE_STANDARD = "gnu++20";
				CLANG_ENABLE_MODULES = YES;
				CLANG_ENABLE_OBJC_ARC = YES;
				CLANG_ENABLE_OBJC_WEAK = YES;
				CLANG_WARN_BLOCK_CAPTURE_AUTORELEASING = YES;
				CLANG_WARN_BOOL_CONVERSION = YES;
				CLANG_WARN_COMMA = YES;
				CLANG_WARN_CONSTANT_CONVERSION = YES;
				CLANG_WARN_DEPRECATED_OBJC_IMPLEMENTATIONS = YES;
				CLANG_WARN_DIRECT_OBJC_ISA_USAGE = YES_ERROR;
				CLANG_WARN_DOCUMENTATION_COMMENTS = YES;
				CLANG_WARN_EMPTY_BODY = YES;
				CLANG_WARN_ENUM_CONVERSION = YES;
				CLANG_WARN_INFINITE_RECURSION = YES;
				CLANG_WARN_INT_CONVERSION = YES;
				CLANG_WARN_NON_LITERAL_NULL_CONVERSION = YES;
				CLANG_WARN_OBJC_IMPLICIT_RETAIN_SELF = YES;
				CLANG_WARN_OBJC_LITERAL_CONVERSION = YES;
				CLANG_WARN_OBJC_ROOT_CLASS = YES_ERROR;
				CLANG_WARN_QUOTED_INCLUDE_IN_FRAMEWORK_HEADER = YES;
				CLANG_WARN_RANGE_LOOP_ANALYSIS = YES;
				CLANG_WARN_STRICT_PROTOTYPES = YES;
				CLANG_WARN_SUSPICIOUS_MOVE = YES;
				CLANG_WARN_UNGUARDED_AVAILABILITY = YES_AGGRESSIVE;
				CLANG_WARN_UNREACHABLE_CODE = YES;
				CLANG_WARN__DUPLICATE_METHOD_MATCH = YES;
				COPY_PHASE_STRIP = NO;
				DEBUG_INFORMATION_FORMAT = dwarf;
				ENABLE_STRICT_OBJC_MSGSEND = YES;
				ENABLE_TESTABILITY = YES;
				ENABLE_USER_SCRIPT_SANDBOXING = YES;
				GCC_C_LANGUAGE_STANDARD = gnu17;
				GCC_DYNAMIC_NO_PIC = NO;
				GCC_NO_COMMON_BLOCKS = YES;
				GCC_OPTIMIZATION_LEVEL = 0;
				GCC_PREPROCESSOR_DEFINITIONS = (
					"DEBUG=1",
					"$(inherited)",
				);
				GCC_WARN_64_TO_32_BIT_CONVERSION = YES;
				GCC_WARN_ABOUT_RETURN_TYPE = YES_ERROR;
				GCC_WARN_UNDECLARED_SELECTOR = YES;
				GCC_WARN_UNINITIALIZED_AUTOS = YES_AGGRESSIVE;
				GCC_WARN_UNUSED_FUNCTION = YES;
				GCC_WARN_UNUSED_VARIABLE = YES;
				IPHONEOS_DEPLOYMENT_TARGET = 17.4;
				LOCALIZATION_PREFERS_STRING_CATALOGS = YES;
				MTL_ENABLE_DEBUG_INFO = INCLUDE_SOURCE;
				MTL_FAST_MATH = YES;
				ONLY_ACTIVE_ARCH = YES;
				SDKROOT = iphoneos;
				SWIFT_ACTIVE_COMPILATION_CONDITIONS = "DEBUG $(inherited)";
				SWIFT_OPTIMIZATION_LEVEL = "-Onone";
			};
			name = Debug;
		};
		5F4BC4132BCCF47900FE7932 /* Release */ = {
			isa = XCBuildConfiguration;
			buildSettings = {
				ALWAYS_SEARCH_USER_PATHS = NO;
				ASSETCATALOG_COMPILER_GENERATE_SWIFT_ASSET_SYMBOL_EXTENSIONS = YES;
				CLANG_ANALYZER_NONNULL = YES;
				CLANG_ANALYZER_NUMBER_OBJECT_CONVERSION = YES_AGGRESSIVE;
				CLANG_CXX_LANGUAGE_STANDARD = "gnu++20";
				CLANG_ENABLE_MODULES = YES;
				CLANG_ENABLE_OBJC_ARC = YES;
				CLANG_ENABLE_OBJC_WEAK = YES;
				CLANG_WARN_BLOCK_CAPTURE_AUTORELEASING = YES;
				CLANG_WARN_BOOL_CONVERSION = YES;
				CLANG_WARN_COMMA = YES;
				CLANG_WARN_CONSTANT_CONVERSION = YES;
				CLANG_WARN_DEPRECATED_OBJC_IMPLEMENTATIONS = YES;
				CLANG_WARN_DIRECT_OBJC_ISA_USAGE = YES_ERROR;
				CLANG_WARN_DOCUMENTATION_COMMENTS = YES;
				CLANG_WARN_EMPTY_BODY = YES;
				CLANG_WARN_ENUM_CONVERSION = YES;
				CLANG_WARN_INFINITE_RECURSION = YES;
				CLANG_WARN_INT_CONVERSION = YES;
				CLANG_WARN_NON_LITERAL_NULL_CONVERSION = YES;
				CLANG_WARN_OBJC_IMPLICIT_RETAIN_SELF = YES;
				CLANG_WARN_OBJC_LITERAL_CONVERSION = YES;
				CLANG_WARN_OBJC_ROOT_CLASS = YES_ERROR;
				CLANG_WARN_QUOTED_INCLUDE_IN_FRAMEWORK_HEADER = YES;
				CLANG_WARN_RANGE_LOOP_ANALYSIS = YES;
				CLANG_WARN_STRICT_PROTOTYPES = YES;
				CLANG_WARN_SUSPICIOUS_MOVE = YES;
				CLANG_WARN_UNGUARDED_AVAILABILITY = YES_AGGRESSIVE;
				CLANG_WARN_UNREACHABLE_CODE = YES;
				CLANG_WARN__DUPLICATE_METHOD_MATCH = YES;
				COPY_PHASE_STRIP = NO;
				DEBUG_INFORMATION_FORMAT = "dwarf-with-dsym";
				ENABLE_NS_ASSERTIONS = NO;
				ENABLE_STRICT_OBJC_MSGSEND = YES;
				ENABLE_USER_SCRIPT_SANDBOXING = YES;
				GCC_C_LANGUAGE_STANDARD = gnu17;
				GCC_NO_COMMON_BLOCKS = YES;
				GCC_WARN_64_TO_32_BIT_CONVERSION = YES;
				GCC_WARN_ABOUT_RETURN_TYPE = YES_ERROR;
				GCC_WARN_UNDECLARED_SELECTOR = YES;
				GCC_WARN_UNINITIALIZED_AUTOS = YES_AGGRESSIVE;
				GCC_WARN_UNUSED_FUNCTION = YES;
				GCC_WARN_UNUSED_VARIABLE = YES;
				IPHONEOS_DEPLOYMENT_TARGET = 17.4;
				LOCALIZATION_PREFERS_STRING_CATALOGS = YES;
				MTL_ENABLE_DEBUG_INFO = NO;
				MTL_FAST_MATH = YES;
				SDKROOT = iphoneos;
				SWIFT_COMPILATION_MODE = wholemodule;
				VALIDATE_PRODUCT = YES;
			};
			name = Release;
		};
		5F4BC4152BCCF47900FE7932 /* Debug */ = {
			isa = XCBuildConfiguration;
			buildSettings = {
				ASSETCATALOG_COMPILER_APPICON_NAME = AppIcon;
				ASSETCATALOG_COMPILER_GLOBAL_ACCENT_COLOR_NAME = AccentColor;
				CODE_SIGN_STYLE = Automatic;
				CURRENT_PROJECT_VERSION = 1;
				GENERATE_INFOPLIST_FILE = YES;
				INFOPLIST_FILE = "Posts Assignment/Info.plist";
				INFOPLIST_KEY_UIApplicationSupportsIndirectInputEvents = YES;
				INFOPLIST_KEY_UILaunchStoryboardName = LaunchScreen;
				INFOPLIST_KEY_UIMainStoryboardFile = Main;
				INFOPLIST_KEY_UISupportedInterfaceOrientations_iPad = "UIInterfaceOrientationPortrait UIInterfaceOrientationPortraitUpsideDown UIInterfaceOrientationLandscapeLeft UIInterfaceOrientationLandscapeRight";
				INFOPLIST_KEY_UISupportedInterfaceOrientations_iPhone = "UIInterfaceOrientationPortrait UIInterfaceOrientationLandscapeLeft UIInterfaceOrientationLandscapeRight";
				INFOPLIST_KEY_UIUserInterfaceStyle = Light;
				LD_RUNPATH_SEARCH_PATHS = (
					"$(inherited)",
					"@executable_path/Frameworks",
				);
				MARKETING_VERSION = 1.0;
				PRODUCT_BUNDLE_IDENTIFIER = "com.Image-Loading-Assignment";
				PRODUCT_NAME = "$(TARGET_NAME)";
				SWIFT_EMIT_LOC_STRINGS = YES;
				SWIFT_VERSION = 5.0;
				TARGETED_DEVICE_FAMILY = "1,2";
			};
			name = Debug;
		};
		5F4BC4162BCCF47900FE7932 /* Release */ = {
			isa = XCBuildConfiguration;
			buildSettings = {
				ASSETCATALOG_COMPILER_APPICON_NAME = AppIcon;
				ASSETCATALOG_COMPILER_GLOBAL_ACCENT_COLOR_NAME = AccentColor;
				CODE_SIGN_STYLE = Automatic;
				CURRENT_PROJECT_VERSION = 1;
				GENERATE_INFOPLIST_FILE = YES;
				INFOPLIST_FILE = "Posts Assignment/Info.plist";
				INFOPLIST_KEY_UIApplicationSupportsIndirectInputEvents = YES;
				INFOPLIST_KEY_UILaunchStoryboardName = LaunchScreen;
				INFOPLIST_KEY_UIMainStoryboardFile = Main;
				INFOPLIST_KEY_UISupportedInterfaceOrientations_iPad = "UIInterfaceOrientationPortrait UIInterfaceOrientationPortraitUpsideDown UIInterfaceOrientationLandscapeLeft UIInterfaceOrientationLandscapeRight";
				INFOPLIST_KEY_UISupportedInterfaceOrientations_iPhone = "UIInterfaceOrientationPortrait UIInterfaceOrientationLandscapeLeft UIInterfaceOrientationLandscapeRight";
				INFOPLIST_KEY_UIUserInterfaceStyle = Light;
				LD_RUNPATH_SEARCH_PATHS = (
					"$(inherited)",
					"@executable_path/Frameworks",
				);
				MARKETING_VERSION = 1.0;
				PRODUCT_BUNDLE_IDENTIFIER = "com.Image-Loading-Assignment";
				PRODUCT_NAME = "$(TARGET_NAME)";
				SWIFT_EMIT_LOC_STRINGS = YES;
				SWIFT_VERSION = 5.0;
				TARGETED_DEVICE_FAMILY = "1,2";
			};
			name = Release;
		};
/* End XCBuildConfiguration section */

/* Begin XCConfigurationList section */
		5F4BC3FB2BCCF47700FE7932 /* Build configuration list for PBXProject "Posts Assignment" */ = {
			isa = XCConfigurationList;
			buildConfigurations = (
				5F4BC4122BCCF47900FE7932 /* Debug */,
				5F4BC4132BCCF47900FE7932 /* Release */,
			);
			defaultConfigurationIsVisible = 0;
			defaultConfigurationName = Release;
		};
		5F4BC4142BCCF47900FE7932 /* Build configuration list for PBXNativeTarget "Posts Assignment" */ = {
			isa = XCConfigurationList;
			buildConfigurations = (
				5F4BC4152BCCF47900FE7932 /* Debug */,
				5F4BC4162BCCF47900FE7932 /* Release */,
			);
			defaultConfigurationIsVisible = 0;
			defaultConfigurationName = Release;
		};
/* End XCConfigurationList section */
	};
	rootObject = 5F4BC3F82BCCF47700FE7932 /* Project object */;
}
